<?xml version="1.0" encoding="utf-8"?>
<Project ToolsVersion="4.0" xmlns="http://schemas.microsoft.com/developer/msbuild/2003">
  <ItemGroup>
    <ClCompile Include="MemoryOperations.cpp" />
    <ClCompile Include="$(PLUGIN_SDK_DIR)\plugin_sa\game_sa\CPools.cpp">
      <Filter>plugin_sdk</Filter>
    </ClCompile>
    <ClCompile Include="$(PLUGIN_SDK_DIR)\plugin_sa\game_sa\CTheScripts.cpp">
      <Filter>plugin_sdk</Filter>
    </ClCompile>
    <ClCompile Include="$(PLUGIN_SDK_DIR)\shared\PluginBase.cpp">
      <Filter>plugin_sdk</Filter>
    </ClCompile>
    <ClCompile Include="$(PLUGIN_SDK_DIR)\shared\DynAddress.cpp">
      <Filter>plugin_sdk</Filter>
    </ClCompile>
    <ClCompile Include="$(PLUGIN_SDK_DIR)\shared\GameVersion.cpp">
      <Filter>plugin_sdk</Filter>
    </ClCompile>
    <ClCompile Include="$(PLUGIN_SDK_DIR)\shared\game\CRGBA.cpp">
      <Filter>plugin_sdk</Filter>
    </ClCompile>
    <ClCompile Include="$(PLUGIN_SDK_DIR)\shared\Patch.cpp">
      <Filter>plugin_sdk</Filter>
    </ClCompile>
  </ItemGroup>
  <ItemGroup>
    <Filter Include="cleo_sdk">
      <UniqueIdentifier>{1903661c-d3a7-4f51-8910-54b32282a46d}</UniqueIdentifier>
    </Filter>
    <Filter Include="plugin_sdk">
      <UniqueIdentifier>{0c8900ae-85e5-4dc1-9d7b-173b6f8cd435}</UniqueIdentifier>
    </Filter>
  </ItemGroup>
  <ItemGroup>
    <ClInclude Include="..\..\cleo_sdk\CLEO.h">
      <Filter>cleo_sdk</Filter>
    </ClInclude>
    <ClInclude Include="..\..\cleo_sdk\CLEO_Utils.h">
      <Filter>cleo_sdk</Filter>
    </ClInclude>
  </ItemGroup>
</Project>