<?xml version="1.0" encoding="utf-8"?>
<Project ToolsVersion="4.0" xmlns="http://schemas.microsoft.com/developer/msbuild/2003">
  <ItemGroup>
    <ClCompile Include="Audio.cpp" />
    <ClCompile Include="$(PLUGIN_SDK_DIR)\plugin_sa\game_sa\CPools.cpp">
      <Filter>plugin_sdk</Filter>
    </ClCompile>
    <ClCompile Include="$(PLUGIN_SDK_DIR)\shared\game\CRGBA.cpp">
      <Filter>plugin_sdk</Filter>
    </ClCompile>
    <ClCompile Include="$(PLUGIN_SDK_DIR)\plugin_sa\game_sa\CTheScripts.cpp">
      <Filter>plugin_sdk</Filter>
    </ClCompile>
    <ClCompile Include="$(PLUGIN_SDK_DIR)\shared\DynAddress.cpp">
      <Filter>plugin_sdk</Filter>
    </ClCompile>
    <ClCompile Include="$(PLUGIN_SDK_DIR)\shared\GameVersion.cpp">
      <Filter>plugin_sdk</Filter>
    </ClCompile>
    <ClCompile Include="$(PLUGIN_SDK_DIR)\shared\Patch.cpp">
      <Filter>plugin_sdk</Filter>
    </ClCompile>
    <ClCompile Include="$(PLUGIN_SDK_DIR)\shared\PluginBase.cpp">
      <Filter>plugin_sdk</Filter>
    </ClCompile>
    <ClCompile Include="CSoundSystem.cpp" />
    <ClCompile Include="$(PLUGIN_SDK_DIR)\plugin_sa\game_sa\CCamera.cpp">
      <Filter>plugin_sdk</Filter>
    </ClCompile>
    <ClCompile Include="$(PLUGIN_SDK_DIR)\plugin_sa\game_sa\CTimer.cpp">
      <Filter>plugin_sdk</Filter>
    </ClCompile>
    <ClCompile Include="$(PLUGIN_SDK_DIR)\plugin_sa\game_sa\CVector.cpp">
      <Filter>plugin_sdk</Filter>
    </ClCompile>
    <ClCompile Include="$(PLUGIN_SDK_DIR)\plugin_sa\game_sa\RenderWare.cpp">
      <Filter>plugin_sdk</Filter>
    </ClCompile>
    <ClCompile Include="$(PLUGIN_SDK_DIR)\plugin_sa\game_sa\CAEAudioHardware.cpp">
      <Filter>plugin_sdk</Filter>
    </ClCompile>
    <ClCompile Include="CAudioStream.cpp" />
    <ClCompile Include="C3DAudioStream.cpp" />
  </ItemGroup>
  <ItemGroup>
    <ClInclude Include="..\..\cleo_sdk\CLEO_Utils.h">
      <Filter>cleo_sdk</Filter>
    </ClInclude>
    <ClInclude Include="..\..\cleo_sdk\CLEO.h">
      <Filter>cleo_sdk</Filter>
    </ClInclude>
    <ClInclude Include="CSoundSystem.h" />
    <ClInclude Include="bass\bass.h">
      <Filter>bass</Filter>
    </ClInclude>
    <ClInclude Include="CAudioStream.h" />
    <ClInclude Include="C3DAudioStream.h" />
  </ItemGroup>
  <ItemGroup>
    <Filter Include="plugin_sdk">
      <UniqueIdentifier>{cd3f4d0b-2948-4ccd-87c9-c05ebb973b25}</UniqueIdentifier>
    </Filter>
    <Filter Include="cleo_sdk">
      <UniqueIdentifier>{995941cc-43c5-43e9-a674-5916cf70a5f7}</UniqueIdentifier>
    </Filter>
    <Filter Include="bass">
      <UniqueIdentifier>{06b76bd2-09a7-4369-b83b-0298428ebb4f}</UniqueIdentifier>
    </Filter>
  </ItemGroup>
</Project>